// !$*UTF8*$!
{
	archiveVersion = 1;
	classes = {
	};
	objectVersion = 55;
	objects = {

/* Begin PBXBuildFile section */
		8A81D18628707168004F2DCC /* WerkzeugApp2App.swift in Sources */ = {isa = PBXBuildFile; fileRef = 8A81D18528707168004F2DCC /* WerkzeugApp2App.swift */; };
		8A81D18828707168004F2DCC /* HomeView.swift in Sources */ = {isa = PBXBuildFile; fileRef = 8A81D18728707168004F2DCC /* HomeView.swift */; };
		8A81D18A28707169004F2DCC /* Assets.xcassets in Resources */ = {isa = PBXBuildFile; fileRef = 8A81D18928707169004F2DCC /* Assets.xcassets */; };
		8A81D18D28707169004F2DCC /* Preview Assets.xcassets in Resources */ = {isa = PBXBuildFile; fileRef = 8A81D18C28707169004F2DCC /* Preview Assets.xcassets */; };
		8A81D19428707556004F2DCC /* KompassView.swift in Sources */ = {isa = PBXBuildFile; fileRef = 8A81D19328707556004F2DCC /* KompassView.swift */; };
		8A81D1962870779C004F2DCC /* WasserwaageView.swift in Sources */ = {isa = PBXBuildFile; fileRef = 8A81D1952870779C004F2DCC /* WasserwaageView.swift */; };
		8A81D1982870835E004F2DCC /* SeismometerView.swift in Sources */ = {isa = PBXBuildFile; fileRef = 8A81D1972870835E004F2DCC /* SeismometerView.swift */; };
		8A81D19A287083A0004F2DCC /* TachometerView.swift in Sources */ = {isa = PBXBuildFile; fileRef = 8A81D199287083A0004F2DCC /* TachometerView.swift */; };
		8A81D19C28708BA2004F2DCC /* KompassLogik.swift in Sources */ = {isa = PBXBuildFile; fileRef = 8A81D19B28708BA2004F2DCC /* KompassLogik.swift */; };
		8A828DDD2871C2B700BE49B8 /* DoubleExtension.swift in Sources */ = {isa = PBXBuildFile; fileRef = 8A828DDC2871C2B700BE49B8 /* DoubleExtension.swift */; };
		8A951FE72871AC7A006F8DEF /* MotionDetector.swift in Sources */ = {isa = PBXBuildFile; fileRef = 8A951FE62871AC7A006F8DEF /* MotionDetector.swift */; };
		8A9C70B8287830710085AB11 /* TaschenlampeView.swift in Sources */ = {isa = PBXBuildFile; fileRef = 8A9C70B7287830710085AB11 /* TaschenlampeView.swift */; };
/* End PBXBuildFile section */

/* Begin PBXFileReference section */
		8A81D18228707168004F2DCC /* WerkzeugApp2.app */ = {isa = PBXFileReference; explicitFileType = wrapper.application; includeInIndex = 0; path = WerkzeugApp2.app; sourceTree = BUILT_PRODUCTS_DIR; };
		8A81D18528707168004F2DCC /* WerkzeugApp2App.swift */ = {isa = PBXFileReference; lastKnownFileType = sourcecode.swift; path = WerkzeugApp2App.swift; sourceTree = "<group>"; };
		8A81D18728707168004F2DCC /* HomeView.swift */ = {isa = PBXFileReference; lastKnownFileType = sourcecode.swift; path = HomeView.swift; sourceTree = "<group>"; };
		8A81D18928707169004F2DCC /* Assets.xcassets */ = {isa = PBXFileReference; lastKnownFileType = folder.assetcatalog; path = Assets.xcassets; sourceTree = "<group>"; };
		8A81D18C28707169004F2DCC /* Preview Assets.xcassets */ = {isa = PBXFileReference; lastKnownFileType = folder.assetcatalog; path = "Preview Assets.xcassets"; sourceTree = "<group>"; };
		8A81D19328707556004F2DCC /* KompassView.swift */ = {isa = PBXFileReference; lastKnownFileType = sourcecode.swift; path = KompassView.swift; sourceTree = "<group>"; };
		8A81D1952870779C004F2DCC /* WasserwaageView.swift */ = {isa = PBXFileReference; lastKnownFileType = sourcecode.swift; path = WasserwaageView.swift; sourceTree = "<group>"; };
		8A81D1972870835E004F2DCC /* SeismometerView.swift */ = {isa = PBXFileReference; lastKnownFileType = sourcecode.swift; path = SeismometerView.swift; sourceTree = "<group>"; };
		8A81D199287083A0004F2DCC /* TachometerView.swift */ = {isa = PBXFileReference; lastKnownFileType = sourcecode.swift; path = TachometerView.swift; sourceTree = "<group>"; };
		8A81D19B28708BA2004F2DCC /* KompassLogik.swift */ = {isa = PBXFileReference; lastKnownFileType = sourcecode.swift; path = KompassLogik.swift; sourceTree = "<group>"; };
		8A828DDC2871C2B700BE49B8 /* DoubleExtension.swift */ = {isa = PBXFileReference; lastKnownFileType = sourcecode.swift; path = DoubleExtension.swift; sourceTree = "<group>"; };
		8A951FE62871AC7A006F8DEF /* MotionDetector.swift */ = {isa = PBXFileReference; lastKnownFileType = sourcecode.swift; path = MotionDetector.swift; sourceTree = "<group>"; };
		8A9C70B7287830710085AB11 /* TaschenlampeView.swift */ = {isa = PBXFileReference; fileEncoding = 4; lastKnownFileType = sourcecode.swift; path = TaschenlampeView.swift; sourceTree = "<group>"; };
/* End PBXFileReference section */

/* Begin PBXFrameworksBuildPhase section */
		8A81D17F28707168004F2DCC /* Frameworks */ = {
			isa = PBXFrameworksBuildPhase;
			buildActionMask = 2147483647;
			files = (
			);
			runOnlyForDeploymentPostprocessing = 0;
		};
/* End PBXFrameworksBuildPhase section */

/* Begin PBXGroup section */
		8A81D17928707168004F2DCC = {
			isa = PBXGroup;
			children = (
				8A81D18428707168004F2DCC /* WerkzeugApp2 */,
				8A81D18328707168004F2DCC /* Products */,
			);
			sourceTree = "<group>";
		};
		8A81D18328707168004F2DCC /* Products */ = {
			isa = PBXGroup;
			children = (
				8A81D18228707168004F2DCC /* WerkzeugApp2.app */,
			);
			name = Products;
			sourceTree = "<group>";
		};
		8A81D18428707168004F2DCC /* WerkzeugApp2 */ = {
			isa = PBXGroup;
			children = (
				8A81D18528707168004F2DCC /* WerkzeugApp2App.swift */,
				8A81D18728707168004F2DCC /* HomeView.swift */,
				8A81D199287083A0004F2DCC /* TachometerView.swift */,
				8A81D1972870835E004F2DCC /* SeismometerView.swift */,
				8A81D19328707556004F2DCC /* KompassView.swift */,
				8A9C70B7287830710085AB11 /* TaschenlampeView.swift */,
				8A81D19B28708BA2004F2DCC /* KompassLogik.swift */,
				8A81D1952870779C004F2DCC /* WasserwaageView.swift */,
				8A951FE62871AC7A006F8DEF /* MotionDetector.swift */,
				8A828DDC2871C2B700BE49B8 /* DoubleExtension.swift */,
				8A81D18928707169004F2DCC /* Assets.xcassets */,
				8A81D18B28707169004F2DCC /* Preview Content */,
			);
			path = WerkzeugApp2;
			sourceTree = "<group>";
		};
		8A81D18B28707169004F2DCC /* Preview Content */ = {
			isa = PBXGroup;
			children = (
				8A81D18C28707169004F2DCC /* Preview Assets.xcassets */,
			);
			path = "Preview Content";
			sourceTree = "<group>";
		};
/* End PBXGroup section */

/* Begin PBXNativeTarget section */
		8A81D18128707168004F2DCC /* WerkzeugApp2 */ = {
			isa = PBXNativeTarget;
			buildConfigurationList = 8A81D19028707169004F2DCC /* Build configuration list for PBXNativeTarget "WerkzeugApp2" */;
			buildPhases = (
				8A81D17E28707168004F2DCC /* Sources */,
				8A81D17F28707168004F2DCC /* Frameworks */,
				8A81D18028707168004F2DCC /* Resources */,
			);
			buildRules = (
			);
			dependencies = (
			);
			name = WerkzeugApp2;
			productName = WerkzeugApp2;
			productReference = 8A81D18228707168004F2DCC /* WerkzeugApp2.app */;
			productType = "com.apple.product-type.application";
		};
/* End PBXNativeTarget section */

/* Begin PBXProject section */
		8A81D17A28707168004F2DCC /* Project object */ = {
			isa = PBXProject;
			attributes = {
				BuildIndependentTargetsInParallel = 1;
				LastSwiftUpdateCheck = 1310;
				LastUpgradeCheck = 1310;
				TargetAttributes = {
					8A81D18128707168004F2DCC = {
						CreatedOnToolsVersion = 13.1;
					};
				};
			};
			buildConfigurationList = 8A81D17D28707168004F2DCC /* Build configuration list for PBXProject "WerkzeugApp2" */;
			compatibilityVersion = "Xcode 13.0";
			developmentRegion = en;
			hasScannedForEncodings = 0;
			knownRegions = (
				en,
				Base,
			);
			mainGroup = 8A81D17928707168004F2DCC;
			productRefGroup = 8A81D18328707168004F2DCC /* Products */;
			projectDirPath = "";
			projectRoot = "";
			targets = (
				8A81D18128707168004F2DCC /* WerkzeugApp2 */,
			);
		};
/* End PBXProject section */

/* Begin PBXResourcesBuildPhase section */
		8A81D18028707168004F2DCC /* Resources */ = {
			isa = PBXResourcesBuildPhase;
			buildActionMask = 2147483647;
			files = (
				8A81D18D28707169004F2DCC /* Preview Assets.xcassets in Resources */,
				8A81D18A28707169004F2DCC /* Assets.xcassets in Resources */,
			);
			runOnlyForDeploymentPostprocessing = 0;
		};
/* End PBXResourcesBuildPhase section */

/* Begin PBXSourcesBuildPhase section */
		8A81D17E28707168004F2DCC /* Sources */ = {
			isa = PBXSourcesBuildPhase;
			buildActionMask = 2147483647;
			files = (
				8A81D18828707168004F2DCC /* HomeView.swift in Sources */,
				8A81D1962870779C004F2DCC /* WasserwaageView.swift in Sources */,
				8A81D19428707556004F2DCC /* KompassView.swift in Sources */,
				8A828DDD2871C2B700BE49B8 /* DoubleExtension.swift in Sources */,
				8A81D18628707168004F2DCC /* WerkzeugApp2App.swift in Sources */,
				8A9C70B8287830710085AB11 /* TaschenlampeView.swift in Sources */,
				8A81D19C28708BA2004F2DCC /* KompassLogik.swift in Sources */,
				8A81D19A287083A0004F2DCC /* TachometerView.swift in Sources */,
				8A81D1982870835E004F2DCC /* SeismometerView.swift in Sources */,
				8A951FE72871AC7A006F8DEF /* MotionDetector.swift in Sources */,
			);
			runOnlyForDeploymentPostprocessing = 0;
		};
/* End PBXSourcesBuildPhase section */

/* Begin XCBuildConfiguration section */
		8A81D18E28707169004F2DCC /* Debug */ = {
			isa = XCBuildConfiguration;
			buildSettings = {
				ALWAYS_SEARCH_USER_PATHS = NO;
				CLANG_ANALYZER_NONNULL = YES;
				CLANG_ANALYZER_NUMBER_OBJECT_CONVERSION = YES_AGGRESSIVE;
				CLANG_CXX_LANGUAGE_STANDARD = "gnu++17";
				CLANG_CXX_LIBRARY = "libc++";
				CLANG_ENABLE_MODULES = YES;
				CLANG_ENABLE_OBJC_ARC = YES;
				CLANG_ENABLE_OBJC_WEAK = YES;
				CLANG_WARN_BLOCK_CAPTURE_AUTORELEASING = YES;
				CLANG_WARN_BOOL_CONVERSION = YES;
				CLANG_WARN_COMMA = YES;
				CLANG_WARN_CONSTANT_CONVERSION = YES;
				CLANG_WARN_DEPRECATED_OBJC_IMPLEMENTATIONS = YES;
				CLANG_WARN_DIRECT_OBJC_ISA_USAGE = YES_ERROR;
				CLANG_WARN_DOCUMENTATION_COMMENTS = YES;
				CLANG_WARN_EMPTY_BODY = YES;
				CLANG_WARN_ENUM_CONVERSION = YES;
				CLANG_WARN_INFINITE_RECURSION = YES;
				CLANG_WARN_INT_CONVERSION = YES;
				CLANG_WARN_NON_LITERAL_NULL_CONVERSION = YES;
				CLANG_WARN_OBJC_IMPLICIT_RETAIN_SELF = YES;
				CLANG_WARN_OBJC_LITERAL_CONVERSION = YES;
				CLANG_WARN_OBJC_ROOT_CLASS = YES_ERROR;
				CLANG_WARN_QUOTED_INCLUDE_IN_FRAMEWORK_HEADER = YES;
				CLANG_WARN_RANGE_LOOP_ANALYSIS = YES;
				CLANG_WARN_STRICT_PROTOTYPES = YES;
				CLANG_WARN_SUSPICIOUS_MOVE = YES;
				CLANG_WARN_UNGUARDED_AVAILABILITY = YES_AGGRESSIVE;
				CLANG_WARN_UNREACHABLE_CODE = YES;
				CLANG_WARN__DUPLICATE_METHOD_MATCH = YES;
				COPY_PHASE_STRIP = NO;
				DEBUG_INFORMATION_FORMAT = dwarf;
				ENABLE_STRICT_OBJC_MSGSEND = YES;
				ENABLE_TESTABILITY = YES;
				GCC_C_LANGUAGE_STANDARD = gnu11;
				GCC_DYNAMIC_NO_PIC = NO;
				GCC_NO_COMMON_BLOCKS = YES;
				GCC_OPTIMIZATION_LEVEL = 0;
				GCC_PREPROCESSOR_DEFINITIONS = (
					"DEBUG=1",
					"$(inherited)",
				);
				GCC_WARN_64_TO_32_BIT_CONVERSION = YES;
				GCC_WARN_ABOUT_RETURN_TYPE = YES_ERROR;
				GCC_WARN_UNDECLARED_SELECTOR = YES;
				GCC_WARN_UNINITIALIZED_AUTOS = YES_AGGRESSIVE;
				GCC_WARN_UNUSED_FUNCTION = YES;
				GCC_WARN_UNUSED_VARIABLE = YES;
				IPHONEOS_DEPLOYMENT_TARGET = 15.0;
				MTL_ENABLE_DEBUG_INFO = INCLUDE_SOURCE;
				MTL_FAST_MATH = YES;
				ONLY_ACTIVE_ARCH = YES;
				SDKROOT = iphoneos;
				SWIFT_ACTIVE_COMPILATION_CONDITIONS = DEBUG;
				SWIFT_OPTIMIZATION_LEVEL = "-Onone";
			};
			name = Debug;
		};
		8A81D18F28707169004F2DCC /* Release */ = {
			isa = XCBuildConfiguration;
			buildSettings = {
				ALWAYS_SEARCH_USER_PATHS = NO;
				CLANG_ANALYZER_NONNULL = YES;
				CLANG_ANALYZER_NUMBER_OBJECT_CONVERSION = YES_AGGRESSIVE;
				CLANG_CXX_LANGUAGE_STANDARD = "gnu++17";
				CLANG_CXX_LIBRARY = "libc++";
				CLANG_ENABLE_MODULES = YES;
				CLANG_ENABLE_OBJC_ARC = YES;
				CLANG_ENABLE_OBJC_WEAK = YES;
				CLANG_WARN_BLOCK_CAPTURE_AUTORELEASING = YES;
				CLANG_WARN_BOOL_CONVERSION = YES;
				CLANG_WARN_COMMA = YES;
				CLANG_WARN_CONSTANT_CONVERSION = YES;
				CLANG_WARN_DEPRECATED_OBJC_IMPLEMENTATIONS = YES;
				CLANG_WARN_DIRECT_OBJC_ISA_USAGE = YES_ERROR;
				CLANG_WARN_DOCUMENTATION_COMMENTS = YES;
				CLANG_WARN_EMPTY_BODY = YES;
				CLANG_WARN_ENUM_CONVERSION = YES;
				CLANG_WARN_INFINITE_RECURSION = YES;
				CLANG_WARN_INT_CONVERSION = YES;
				CLANG_WARN_NON_LITERAL_NULL_CONVERSION = YES;
				CLANG_WARN_OBJC_IMPLICIT_RETAIN_SELF = YES;
				CLANG_WARN_OBJC_LITERAL_CONVERSION = YES;
				CLANG_WARN_OBJC_ROOT_CLASS = YES_ERROR;
				CLANG_WARN_QUOTED_INCLUDE_IN_FRAMEWORK_HEADER = YES;
				CLANG_WARN_RANGE_LOOP_ANALYSIS = YES;
				CLANG_WARN_STRICT_PROTOTYPES = YES;
				CLANG_WARN_SUSPICIOUS_MOVE = YES;
				CLANG_WARN_UNGUARDED_AVAILABILITY = YES_AGGRESSIVE;
				CLANG_WARN_UNREACHABLE_CODE = YES;
				CLANG_WARN__DUPLICATE_METHOD_MATCH = YES;
				COPY_PHASE_STRIP = NO;
				DEBUG_INFORMATION_FORMAT = "dwarf-with-dsym";
				ENABLE_NS_ASSERTIONS = NO;
				ENABLE_STRICT_OBJC_MSGSEND = YES;
				GCC_C_LANGUAGE_STANDARD = gnu11;
				GCC_NO_COMMON_BLOCKS = YES;
				GCC_WARN_64_TO_32_BIT_CONVERSION = YES;
				GCC_WARN_ABOUT_RETURN_TYPE = YES_ERROR;
				GCC_WARN_UNDECLARED_SELECTOR = YES;
				GCC_WARN_UNINITIALIZED_AUTOS = YES_AGGRESSIVE;
				GCC_WARN_UNUSED_FUNCTION = YES;
				GCC_WARN_UNUSED_VARIABLE = YES;
				IPHONEOS_DEPLOYMENT_TARGET = 15.0;
				MTL_ENABLE_DEBUG_INFO = NO;
				MTL_FAST_MATH = YES;
				SDKROOT = iphoneos;
				SWIFT_COMPILATION_MODE = wholemodule;
				SWIFT_OPTIMIZATION_LEVEL = "-O";
				VALIDATE_PRODUCT = YES;
			};
			name = Release;
		};
		8A81D19128707169004F2DCC /* Debug */ = {
			isa = XCBuildConfiguration;
			buildSettings = {
				ASSETCATALOG_COMPILER_APPICON_NAME = AppIcon;
				ASSETCATALOG_COMPILER_GLOBAL_ACCENT_COLOR_NAME = AccentColor;
				CODE_SIGN_STYLE = Automatic;
				CURRENT_PROJECT_VERSION = 1;
				DEVELOPMENT_ASSET_PATHS = "\"WerkzeugApp2/Preview Content\"";
				DEVELOPMENT_TEAM = 2G6786VWQ7;
				ENABLE_PREVIEWS = YES;
				GENERATE_INFOPLIST_FILE = YES;
				INFOPLIST_KEY_UIApplicationSceneManifest_Generation = YES;
				INFOPLIST_KEY_UIApplicationSupportsIndirectInputEvents = YES;
				INFOPLIST_KEY_UILaunchScreen_Generation = YES;
				INFOPLIST_KEY_UISupportedInterfaceOrientations_iPad = "UIInterfaceOrientationPortrait UIInterfaceOrientationPortraitUpsideDown UIInterfaceOrientationLandscapeLeft UIInterfaceOrientationLandscapeRight";
				INFOPLIST_KEY_UISupportedInterfaceOrientations_iPhone = "UIInterfaceOrientationPortrait UIInterfaceOrientationLandscapeLeft UIInterfaceOrientationLandscapeRight";
				LD_RUNPATH_SEARCH_PATHS = (
					"$(inherited)",
					"@executable_path/Frameworks",
				);
				MARKETING_VERSION = 1.0;
				PRODUCT_BUNDLE_IDENTIFIER = de.thm.mow2.WerkzeugApp2;
				PRODUCT_NAME = "$(TARGET_NAME)";
				SWIFT_EMIT_LOC_STRINGS = YES;
				SWIFT_VERSION = 5.0;
				TARGETED_DEVICE_FAMILY = "1,2";
			};
			name = Debug;
		};
		8A81D19228707169004F2DCC /* Release */ = {
			isa = XCBuildConfiguration;
			buildSettings = {
				ASSETCATALOG_COMPILER_APPICON_NAME = AppIcon;
				ASSETCATALOG_COMPILER_GLOBAL_ACCENT_COLOR_NAME = AccentColor;
				CODE_SIGN_STYLE = Automatic;
				CURRENT_PROJECT_VERSION = 1;
				DEVELOPMENT_ASSET_PATHS = "\"WerkzeugApp2/Preview Content\"";
				DEVELOPMENT_TEAM = 2G6786VWQ7;
				ENABLE_PREVIEWS = YES;
				GENERATE_INFOPLIST_FILE = YES;
				INFOPLIST_KEY_UIApplicationSceneManifest_Generation = YES;
				INFOPLIST_KEY_UIApplicationSupportsIndirectInputEvents = YES;
				INFOPLIST_KEY_UILaunchScreen_Generation = YES;
				INFOPLIST_KEY_UISupportedInterfaceOrientations_iPad = "UIInterfaceOrientationPortrait UIInterfaceOrientationPortraitUpsideDown UIInterfaceOrientationLandscapeLeft UIInterfaceOrientationLandscapeRight";
				INFOPLIST_KEY_UISupportedInterfaceOrientations_iPhone = "UIInterfaceOrientationPortrait UIInterfaceOrientationLandscapeLeft UIInterfaceOrientationLandscapeRight";
				LD_RUNPATH_SEARCH_PATHS = (
					"$(inherited)",
					"@executable_path/Frameworks",
				);
				MARKETING_VERSION = 1.0;
				PRODUCT_BUNDLE_IDENTIFIER = de.thm.mow2.WerkzeugApp2;
				PRODUCT_NAME = "$(TARGET_NAME)";
				SWIFT_EMIT_LOC_STRINGS = YES;
				SWIFT_VERSION = 5.0;
				TARGETED_DEVICE_FAMILY = "1,2";
			};
			name = Release;
		};
/* End XCBuildConfiguration section */

/* Begin XCConfigurationList section */
		8A81D17D28707168004F2DCC /* Build configuration list for PBXProject "WerkzeugApp2" */ = {
			isa = XCConfigurationList;
			buildConfigurations = (
				8A81D18E28707169004F2DCC /* Debug */,
				8A81D18F28707169004F2DCC /* Release */,
			);
			defaultConfigurationIsVisible = 0;
			defaultConfigurationName = Release;
		};
		8A81D19028707169004F2DCC /* Build configuration list for PBXNativeTarget "WerkzeugApp2" */ = {
			isa = XCConfigurationList;
			buildConfigurations = (
				8A81D19128707169004F2DCC /* Debug */,
				8A81D19228707169004F2DCC /* Release */,
			);
			defaultConfigurationIsVisible = 0;
			defaultConfigurationName = Release;
		};
/* End XCConfigurationList section */
	};
	rootObject = 8A81D17A28707168004F2DCC /* Project object */;
}
